
Microsoft Visual Studio Solution File, Format Version 12.00
# Visual Studio Version 17
VisualStudioVersion = 17.11.35312.102
MinimumVisualStudioVersion = 10.0.40219.1
Project("{FAE04EC0-301F-11D3-BF4B-00C04F79EFBC}") = "sınıfmetotuygulaması", "sınıfmetotuygulaması\sınıfmetotuygulaması.csproj", "{5D4EF606-9EA8-4B23-800C-0B81608E139E}"
EndProject
Global
	GlobalSection(SolutionConfigurationPlatforms) = preSolution
		Debug|Any CPU = Debug|Any CPU
		Release|Any CPU = Release|Any CPU
	EndGlobalSection
	GlobalSection(ProjectConfigurationPlatforms) = postSolution
		{5D4EF606-9EA8-4B23-800C-0B81608E139E}.Debug|Any CPU.ActiveCfg = Debug|Any CPU
		{5D4EF606-9EA8-4B23-800C-0B81608E139E}.Debug|Any CPU.Build.0 = Debug|Any CPU
		{5D4EF606-9EA8-4B23-800C-0B81608E139E}.Release|Any CPU.ActiveCfg = Release|Any CPU
		{5D4EF606-9EA8-4B23-800C-0B81608E139E}.Release|Any CPU.Build.0 = Release|Any CPU
	EndGlobalSection
	GlobalSection(SolutionProperties) = preSolution
		HideSolutionNode = FALSE
	EndGlobalSection
	GlobalSection(ExtensibilityGlobals) = postSolution
		SolutionGuid = {DC76F7DA-A1AE-40FA-9A74-0FC894A8FD44}
	EndGlobalSection
EndGlobal
